
Microsoft Visual Studio Solution File, Format Version 12.00
# Visual Studio 15
VisualStudioVersion = 15.0.26403.7
MinimumVisualStudioVersion = 10.0.40219.1
Project("{FAE04EC0-301F-11D3-BF4B-00C04F79EFBC}") = "Simple.Migrations.ConsoleRunner", "Simple.Migrations.ConsoleRunner.csproj", "{87301FCD-0651-4C6F-A75F-6CD360DC6735}"
EndProject
Project("{FAE04EC0-301F-11D3-BF4B-00C04F79EFBC}") = "Simple.Migrations.ConsoleRunner.UnitTests", "Simple.Migrations.ConsoleRunner.UnitTests\Simple.Migrations.ConsoleRunner.UnitTests.csproj", "{D16C497B-5675-410A-B67F-5D29FE8D1193}"
EndProject
Global
	GlobalSection(SolutionConfigurationPlatforms) = preSolution
		Debug|Any CPU = Debug|Any CPU
		Release|Any CPU = Release|Any CPU
	EndGlobalSection
	GlobalSection(ProjectConfigurationPlatforms) = postSolution
		{87301FCD-0651-4C6F-A75F-6CD360DC6735}.Debug|Any CPU.ActiveCfg = Debug|Any CPU
		{87301FCD-0651-4C6F-A75F-6CD360DC6735}.Debug|Any CPU.Build.0 = Debug|Any CPU
		{87301FCD-0651-4C6F-A75F-6CD360DC6735}.Release|Any CPU.ActiveCfg = Release|Any CPU
		{87301FCD-0651-4C6F-A75F-6CD360DC6735}.Release|Any CPU.Build.0 = Release|Any CPU
		{D16C497B-5675-410A-B67F-5D29FE8D1193}.Debug|Any CPU.ActiveCfg = Debug|Any CPU
		{D16C497B-5675-410A-B67F-5D29FE8D1193}.Debug|Any CPU.Build.0 = Debug|Any CPU
		{D16C497B-5675-410A-B67F-5D29FE8D1193}.Release|Any CPU.ActiveCfg = Release|Any CPU
		{D16C497B-5675-410A-B67F-5D29FE8D1193}.Release|Any CPU.Build.0 = Release|Any CPU
	EndGlobalSection
	GlobalSection(SolutionProperties) = preSolution
		HideSolutionNode = FALSE
	EndGlobalSection
EndGlobal
